
Microsoft Visual Studio Solution File, Format Version 11.00
# Visual Studio 2010
Project("{8BC9CEB8-8B4A-11D0-8D11-00A0C91BC942}") = "shiyan06", "shiyan06\shiyan06.vcxproj", "{44566A06-0CA3-4E83-82D7-8F8B6093550A}"
EndProject
Global
	GlobalSection(SolutionConfigurationPlatforms) = preSolution
		Debug|Win32 = Debug|Win32
		Release|Win32 = Release|Win32
	EndGlobalSection
	GlobalSection(ProjectConfigurationPlatforms) = postSolution
		{44566A06-0CA3-4E83-82D7-8F8B6093550A}.Debug|Win32.ActiveCfg = Debug|Win32
		{44566A06-0CA3-4E83-82D7-8F8B6093550A}.Debug|Win32.Build.0 = Debug|Win32
		{44566A06-0CA3-4E83-82D7-8F8B6093550A}.Release|Win32.ActiveCfg = Release|Win32
		{44566A06-0CA3-4E83-82D7-8F8B6093550A}.Release|Win32.Build.0 = Release|Win32
	EndGlobalSection
	GlobalSection(SolutionProperties) = preSolution
		HideSolutionNode = FALSE
	EndGlobalSection
EndGlobal
